
Microsoft Visual Studio Solution File, Format Version 12.00
# Visual Studio Version 17
VisualStudioVersion = 17.13.35931.197 d17.13
MinimumVisualStudioVersion = 10.0.40219.1
Project("{FAE04EC0-301F-11D3-BF4B-00C04F79EFBC}") = "Dsw2025Ejercicio14.Api", "Dsw2025Ejercicio14.Api\Dsw2025Ejercicio14.Api.csproj", "{AEAD599B-2B7C-4110-AFB9-19C68B19CD74}"
EndProject
Global
	GlobalSection(SolutionConfigurationPlatforms) = preSolution
		Debug|Any CPU = Debug|Any CPU
		Release|Any CPU = Release|Any CPU
	EndGlobalSection
	GlobalSection(ProjectConfigurationPlatforms) = postSolution
		{AEAD599B-2B7C-4110-AFB9-19C68B19CD74}.Debug|Any CPU.ActiveCfg = Debug|Any CPU
		{AEAD599B-2B7C-4110-AFB9-19C68B19CD74}.Debug|Any CPU.Build.0 = Debug|Any CPU
		{AEAD599B-2B7C-4110-AFB9-19C68B19CD74}.Release|Any CPU.ActiveCfg = Release|Any CPU
		{AEAD599B-2B7C-4110-AFB9-19C68B19CD74}.Release|Any CPU.Build.0 = Release|Any CPU
	EndGlobalSection
	GlobalSection(SolutionProperties) = preSolution
		HideSolutionNode = FALSE
	EndGlobalSection
	GlobalSection(ExtensibilityGlobals) = postSolution
		SolutionGuid = {810C9389-F4D4-4D4E-BD9A-920F271B32FB}
	EndGlobalSection
EndGlobal
